{
  "lockfile_version": "1",
  "packages": {
    "bat@0.24.0": {
      "last_modified": "2024-10-24T16:50:28Z",
      "resolved": "github:NixOS/nixpkgs/63487b2f26fa065cfeeaa47dddb08e2856ba53e8#bat",
      "source": "devbox-search",
      "version": "0.24.0",
      "systems": {
        "aarch64-darwin": {
          "outputs": [
            {
              "name": "out",
              "path": "/nix/store/62iyyqm2lvlh60kz83234l2lw2ndlsd2-bat-0.24.0",
              "default": true
            }
          ],
          "store_path": "/nix/store/62iyyqm2lvlh60kz83234l2lw2ndlsd2-bat-0.24.0"
        },
        "aarch64-linux": {
          "outputs": [
            {
              "name": "out",
              "path": "/nix/store/b61511gxd621limcbq8i5fmn0d5f19h8-bat-0.24.0",
              "default": true
            }
          ],
          "store_path": "/nix/store/b61511gxd621limcbq8i5fmn0d5f19h8-bat-0.24.0"
        },
        "x86_64-darwin": {
          "outputs": [
            {
              "name": "out",
              "path": "/nix/store/60rq9hj80iyyw1vbsm4xp9wv90alw8hz-bat-0.24.0",
              "default": true
            }
          ],
          "store_path": "/nix/store/60rq9hj80iyyw1vbsm4xp9wv90alw8hz-bat-0.24.0"
        },
        "x86_64-linux": {
          "outputs": [
            {
              "name": "out",
              "path": "/nix/store/5yj8j9p0rb873f0y1ik6s2fqbb3hrjsg-bat-0.24.0",
              "default": true
            }
          ],
          "store_path": "/nix/store/5yj8j9p0rb873f0y1ik6s2fqbb3hrjsg-bat-0.24.0"
        }
      }
    },
    "bitwarden-cli@2024.9.0": {
      "last_modified": "2024-10-13T23:44:06Z",
      "resolved": "github:NixOS/nixpkgs/d4f247e89f6e10120f911e2e2d2254a050d0f732#bitwarden-cli",
      "source": "devbox-search",
      "version": "2024.9.0",
      "systems": {
        "aarch64-darwin": {
          "outputs": [
            {
              "name": "out",
              "path": "/nix/store/4a9f9w1p33iwgv2gx72i5ja4d1h5v2mh-bitwarden-cli-2024.9.0",
              "default": true
            }
          ],
          "store_path": "/nix/store/4a9f9w1p33iwgv2gx72i5ja4d1h5v2mh-bitwarden-cli-2024.9.0"
        },
        "aarch64-linux": {
          "outputs": [
            {
              "name": "out",
              "path": "/nix/store/ajg7w48cl78bs44kqx6nva4w6ds18rv4-bitwarden-cli-2024.9.0",
              "default": true
            }
          ],
          "store_path": "/nix/store/ajg7w48cl78bs44kqx6nva4w6ds18rv4-bitwarden-cli-2024.9.0"
        },
        "x86_64-darwin": {
          "outputs": [
            {
              "name": "out",
              "path": "/nix/store/jdz00mklkl68px5xj45pp1lvnf2d1bmq-bitwarden-cli-2024.9.0",
              "default": true
            }
          ],
          "store_path": "/nix/store/jdz00mklkl68px5xj45pp1lvnf2d1bmq-bitwarden-cli-2024.9.0"
        },
        "x86_64-linux": {
          "outputs": [
            {
              "name": "out",
              "path": "/nix/store/i14fnxs5470218m8n0rgysm23n6mq8jl-bitwarden-cli-2024.9.0",
              "default": true
            }
          ],
          "store_path": "/nix/store/i14fnxs5470218m8n0rgysm23n6mq8jl-bitwarden-cli-2024.9.0"
        }
      }
    },
    "ctlptl@0.8.34": {
      "last_modified": "2024-10-13T23:44:06Z",
      "resolved": "github:NixOS/nixpkgs/d4f247e89f6e10120f911e2e2d2254a050d0f732#ctlptl",
      "source": "devbox-search",
      "version": "0.8.34",
      "systems": {
        "aarch64-darwin": {
          "outputs": [
            {
              "name": "out",
              "path": "/nix/store/md23fi55y782n3vshjjqmicbi9snqf83-ctlptl-0.8.34",
              "default": true
            }
          ],
          "store_path": "/nix/store/md23fi55y782n3vshjjqmicbi9snqf83-ctlptl-0.8.34"
        },
        "aarch64-linux": {
          "outputs": [
            {
              "name": "out",
              "path": "/nix/store/jbfixw5issy3dwcb3kcrip6prcjcxav3-ctlptl-0.8.34",
              "default": true
            }
          ],
          "store_path": "/nix/store/jbfixw5issy3dwcb3kcrip6prcjcxav3-ctlptl-0.8.34"
        },
        "x86_64-darwin": {
          "outputs": [
            {
              "name": "out",
              "path": "/nix/store/kp2yz71ga5cj7biicnfq0yjbxq58li4z-ctlptl-0.8.34",
              "default": true
            }
          ],
          "store_path": "/nix/store/kp2yz71ga5cj7biicnfq0yjbxq58li4z-ctlptl-0.8.34"
        },
        "x86_64-linux": {
          "outputs": [
            {
              "name": "out",
              "path": "/nix/store/4fz8k2a7776a6scf1smns5vi311b87gd-ctlptl-0.8.34",
              "default": true
            }
          ],
          "store_path": "/nix/store/4fz8k2a7776a6scf1smns5vi311b87gd-ctlptl-0.8.34"
        }
      }
    },
    "direnv@2.35.0": {
      "last_modified": "2024-10-13T23:44:06Z",
      "resolved": "github:NixOS/nixpkgs/d4f247e89f6e10120f911e2e2d2254a050d0f732#direnv",
      "source": "devbox-search",
      "version": "2.35.0",
      "systems": {
        "aarch64-darwin": {
          "outputs": [
            {
              "name": "out",
              "path": "/nix/store/9734qgsb6avrx8njsgqy86yanwz4z6p0-direnv-2.35.0",
              "default": true
            }
          ],
          "store_path": "/nix/store/9734qgsb6avrx8njsgqy86yanwz4z6p0-direnv-2.35.0"
        },
        "aarch64-linux": {
          "outputs": [
            {
              "name": "out",
              "path": "/nix/store/48l7ksh3q2n7k44ki3llmwb9bvk5dm02-direnv-2.35.0",
              "default": true
            }
          ],
          "store_path": "/nix/store/48l7ksh3q2n7k44ki3llmwb9bvk5dm02-direnv-2.35.0"
        },
        "x86_64-darwin": {
          "outputs": [
            {
              "name": "out",
              "path": "/nix/store/hkwxwnk8vyhj82j6yqjp83byqxfcyvb5-direnv-2.35.0",
              "default": true
            }
          ],
          "store_path": "/nix/store/hkwxwnk8vyhj82j6yqjp83byqxfcyvb5-direnv-2.35.0"
        },
        "x86_64-linux": {
          "outputs": [
            {
              "name": "out",
              "path": "/nix/store/3mydh7746lji25ry2aygsy5i4s0i23x2-direnv-2.35.0",
              "default": true
            }
          ],
          "store_path": "/nix/store/3mydh7746lji25ry2aygsy5i4s0i23x2-direnv-2.35.0"
        }
      }
    },
    "eksctl@0.193.0": {
      "last_modified": "2024-10-20T12:41:22Z",
      "resolved": "github:NixOS/nixpkgs/ca30f584e18024baf39c395001262ed936f27ebd#eksctl",
      "source": "devbox-search",
      "version": "0.193.0",
      "systems": {
        "aarch64-darwin": {
          "outputs": [
            {
              "name": "out",
              "path": "/nix/store/h17ilsn191g4730br9hkcrwjr7wa36j5-eksctl-0.193.0",
              "default": true
            }
          ],
          "store_path": "/nix/store/h17ilsn191g4730br9hkcrwjr7wa36j5-eksctl-0.193.0"
        },
        "aarch64-linux": {
          "outputs": [
            {
              "name": "out",
              "path": "/nix/store/2gkm0g1w2gjiymawzay2488g9j5zbl7j-eksctl-0.193.0",
              "default": true
            }
          ],
          "store_path": "/nix/store/2gkm0g1w2gjiymawzay2488g9j5zbl7j-eksctl-0.193.0"
        },
        "x86_64-darwin": {
          "outputs": [
            {
              "name": "out",
              "path": "/nix/store/i4yajrjhk6f1ygklkb46wvv077dnmk9i-eksctl-0.193.0",
              "default": true
            }
          ],
          "store_path": "/nix/store/i4yajrjhk6f1ygklkb46wvv077dnmk9i-eksctl-0.193.0"
        },
        "x86_64-linux": {
          "outputs": [
            {
              "name": "out",
              "path": "/nix/store/q4g7y51b57blpcfjcbs7da15xbipcwyl-eksctl-0.193.0",
              "default": true
            }
          ],
          "store_path": "/nix/store/q4g7y51b57blpcfjcbs7da15xbipcwyl-eksctl-0.193.0"
        }
      }
    },
    "eza@0.20.5": {
      "last_modified": "2024-10-26T14:05:56Z",
      "resolved": "github:NixOS/nixpkgs/4e0eec54db79d4d0909f45a88037210ff8eaffee#eza",
      "source": "devbox-search",
      "version": "0.20.5",
      "systems": {
        "aarch64-darwin": {
          "outputs": [
            {
              "name": "out",
              "path": "/nix/store/nfm9g8zbfini06gv2kwkljz989gma6fw-eza-0.20.5",
              "default": true
            },
            {
              "name": "man",
              "path": "/nix/store/0y0c7giv11fyklv3vz9cl1vw4wgvzsck-eza-0.20.5-man",
              "default": true
            }
          ],
          "store_path": "/nix/store/nfm9g8zbfini06gv2kwkljz989gma6fw-eza-0.20.5"
        },
        "aarch64-linux": {
          "outputs": [
            {
              "name": "out",
              "path": "/nix/store/w75ngvhpwhdh1fgxv8lfbiskbc4dzyld-eza-0.20.5",
              "default": true
            },
            {
              "name": "man",
              "path": "/nix/store/a17glalyp67f574rg37snx9l14whgrwz-eza-0.20.5-man",
              "default": true
            }
          ],
          "store_path": "/nix/store/w75ngvhpwhdh1fgxv8lfbiskbc4dzyld-eza-0.20.5"
        },
        "x86_64-darwin": {
          "outputs": [
            {
              "name": "out",
              "path": "/nix/store/2gi3y1m1g2lwx7xlqrxpl9c6361z0198-eza-0.20.5",
              "default": true
            },
            {
              "name": "man",
              "path": "/nix/store/il9glgp2124g8xkjisha90da9ycvyrhc-eza-0.20.5-man",
              "default": true
            }
          ],
          "store_path": "/nix/store/2gi3y1m1g2lwx7xlqrxpl9c6361z0198-eza-0.20.5"
        },
        "x86_64-linux": {
          "outputs": [
            {
              "name": "out",
              "path": "/nix/store/bnjczcqasnl7x9qz7zj7vr41qqqry9i8-eza-0.20.5",
              "default": true
            },
            {
              "name": "man",
              "path": "/nix/store/5kbr0mky9yyb5lhm0sk3654ndgdcp6yq-eza-0.20.5-man",
              "default": true
            }
          ],
          "store_path": "/nix/store/bnjczcqasnl7x9qz7zj7vr41qqqry9i8-eza-0.20.5"
        }
      }
    },
    "fish@3.7.1": {
      "last_modified": "2024-10-13T23:44:06Z",
      "resolved": "github:NixOS/nixpkgs/d4f247e89f6e10120f911e2e2d2254a050d0f732#fish",
      "source": "devbox-search",
      "version": "3.7.1",
      "systems": {
        "aarch64-darwin": {
          "outputs": [
            {
              "name": "out",
              "path": "/nix/store/lh19r6hngpjap0qaflmx0iz0bqhggps6-fish-3.7.1",
              "default": true
            },
            {
              "name": "doc",
              "path": "/nix/store/1irh2i8yrmzxbi1zwgqzz1wlm0mvqbbj-fish-3.7.1-doc"
            }
          ],
          "store_path": "/nix/store/lh19r6hngpjap0qaflmx0iz0bqhggps6-fish-3.7.1"
        },
        "aarch64-linux": {
          "outputs": [
            {
              "name": "out",
              "path": "/nix/store/0bchixd7w0sw5vzknypc16lc11m2v5nm-fish-3.7.1",
              "default": true
            },
            {
              "name": "doc",
              "path": "/nix/store/irb5lacz8ngvashc45n9ykk9br18c29q-fish-3.7.1-doc"
            }
          ],
          "store_path": "/nix/store/0bchixd7w0sw5vzknypc16lc11m2v5nm-fish-3.7.1"
        },
        "x86_64-darwin": {
          "outputs": [
            {
              "name": "out",
              "path": "/nix/store/s8siqfgbv0cv775w8pl0rpih9d5a9iyv-fish-3.7.1",
              "default": true
            },
            {
              "name": "doc",
              "path": "/nix/store/apkijwhw4zcw735xs1w2n6pznhysgdcs-fish-3.7.1-doc"
            }
          ],
          "store_path": "/nix/store/s8siqfgbv0cv775w8pl0rpih9d5a9iyv-fish-3.7.1"
        },
        "x86_64-linux": {
          "outputs": [
            {
              "name": "out",
              "path": "/nix/store/p1rl09n6mp6g3klmrrl3iv1fjg1c0yqd-fish-3.7.1",
              "default": true
            },
            {
              "name": "doc",
              "path": "/nix/store/sx17bf50b56y1qwwdvrvn3knbjdwajw4-fish-3.7.1-doc"
            }
          ],
          "store_path": "/nix/store/p1rl09n6mp6g3klmrrl3iv1fjg1c0yqd-fish-3.7.1"
        }
      }
    },
    "fzf@0.55.0": {
      "last_modified": "2024-10-13T23:44:06Z",
      "resolved": "github:NixOS/nixpkgs/d4f247e89f6e10120f911e2e2d2254a050d0f732#fzf",
      "source": "devbox-search",
      "version": "0.55.0",
      "systems": {
        "aarch64-darwin": {
          "outputs": [
            {
              "name": "out",
              "path": "/nix/store/7flbcf7cpjz2hypfdhansk4h38ik0x5z-fzf-0.55.0",
              "default": true
            },
            {
              "name": "man",
              "path": "/nix/store/7w93k1b3kkxg0bw1rngjmlzlqhlkpj9j-fzf-0.55.0-man",
              "default": true
            }
          ],
          "store_path": "/nix/store/7flbcf7cpjz2hypfdhansk4h38ik0x5z-fzf-0.55.0"
        },
        "aarch64-linux": {
          "outputs": [
            {
              "name": "out",
              "path": "/nix/store/j1vi8r6y8mzwmxsjmyj49kr3kz6x0vbz-fzf-0.55.0",
              "default": true
            },
            {
              "name": "man",
              "path": "/nix/store/wvrm9p8h4fvbhw3jzmkn3a6n5byvys39-fzf-0.55.0-man",
              "default": true
            }
          ],
          "store_path": "/nix/store/j1vi8r6y8mzwmxsjmyj49kr3kz6x0vbz-fzf-0.55.0"
        },
        "x86_64-darwin": {
          "outputs": [
            {
              "name": "out",
              "path": "/nix/store/5m233j1vgl3s170wi3ya9avmfqjzyjk6-fzf-0.55.0",
              "default": true
            },
            {
              "name": "man",
              "path": "/nix/store/i62yyfjw7wn49fk1s6kknv0f24xihk92-fzf-0.55.0-man",
              "default": true
            }
          ],
          "store_path": "/nix/store/5m233j1vgl3s170wi3ya9avmfqjzyjk6-fzf-0.55.0"
        },
        "x86_64-linux": {
          "outputs": [
            {
              "name": "out",
              "path": "/nix/store/xm4vlmmmsjac0pl80z5clg7mgw6ngzcp-fzf-0.55.0",
              "default": true
            },
            {
              "name": "man",
              "path": "/nix/store/7g42rcn8alnz8z9m23jwpabfa6bsx31b-fzf-0.55.0-man",
              "default": true
            }
          ],
          "store_path": "/nix/store/xm4vlmmmsjac0pl80z5clg7mgw6ngzcp-fzf-0.55.0"
        }
      }
    },
    "go-task@3.39.2": {
      "last_modified": "2024-10-13T23:44:06Z",
      "resolved": "github:NixOS/nixpkgs/d4f247e89f6e10120f911e2e2d2254a050d0f732#go-task",
      "source": "devbox-search",
      "version": "3.39.2",
      "systems": {
        "aarch64-darwin": {
          "outputs": [
            {
              "name": "out",
              "path": "/nix/store/aqcr7jv0m2s8nz481ay310i0dh4mbj48-go-task-3.39.2",
              "default": true
            }
          ],
          "store_path": "/nix/store/aqcr7jv0m2s8nz481ay310i0dh4mbj48-go-task-3.39.2"
        },
        "aarch64-linux": {
          "outputs": [
            {
              "name": "out",
              "path": "/nix/store/08haalp24y68v0krddls5c18hcl6n80p-go-task-3.39.2",
              "default": true
            }
          ],
          "store_path": "/nix/store/08haalp24y68v0krddls5c18hcl6n80p-go-task-3.39.2"
        },
        "x86_64-darwin": {
          "outputs": [
            {
              "name": "out",
              "path": "/nix/store/n6qmzm7h0vdj87qz3bfay17cfrhm3bki-go-task-3.39.2",
              "default": true
            }
          ],
          "store_path": "/nix/store/n6qmzm7h0vdj87qz3bfay17cfrhm3bki-go-task-3.39.2"
        },
        "x86_64-linux": {
          "outputs": [
            {
              "name": "out",
              "path": "/nix/store/sxlbgmc56mkv64rn772rczpin8vjn6lp-go-task-3.39.2",
              "default": true
            }
          ],
          "store_path": "/nix/store/sxlbgmc56mkv64rn772rczpin8vjn6lp-go-task-3.39.2"
        }
      }
    },
    "kubectl@1.31.2": {
      "last_modified": "2024-10-26T22:05:23Z",
      "resolved": "github:NixOS/nixpkgs/86e78d3d2084ff87688da662cf78c2af085d8e73#kubectl",
      "source": "devbox-search",
      "version": "1.31.2",
      "systems": {
        "aarch64-darwin": {
          "outputs": [
            {
              "name": "out",
              "path": "/nix/store/dsq277bpycnyii3pzg50jqsg31w1d3lm-kubectl-1.31.2",
              "default": true
            },
            {
              "name": "man",
              "path": "/nix/store/gjkm52fl078whjcirr2nq8xdx2gfnns0-kubectl-1.31.2-man",
              "default": true
            },
            {
              "name": "convert",
              "path": "/nix/store/zgixian7hifmilhhj8m3cfgq6ri8xqm2-kubectl-1.31.2-convert"
            }
          ],
          "store_path": "/nix/store/dsq277bpycnyii3pzg50jqsg31w1d3lm-kubectl-1.31.2"
        },
        "aarch64-linux": {
          "outputs": [
            {
              "name": "out",
              "path": "/nix/store/pg4daf68jj4dhb8i3nakl4aly1izg94z-kubectl-1.31.2",
              "default": true
            },
            {
              "name": "man",
              "path": "/nix/store/vzlacfg6bx5rjlhkfhmdj7j6a9w94p82-kubectl-1.31.2-man",
              "default": true
            },
            {
              "name": "convert",
              "path": "/nix/store/xlpp7d5596rd9aqmm0mkd84iykdb7glv-kubectl-1.31.2-convert"
            }
          ],
          "store_path": "/nix/store/pg4daf68jj4dhb8i3nakl4aly1izg94z-kubectl-1.31.2"
        },
        "x86_64-darwin": {
          "outputs": [
            {
              "name": "out",
              "path": "/nix/store/y8i5r3j2ch103ibp84sgqxwaqhyxd7cz-kubectl-1.31.2",
              "default": true
            },
            {
              "name": "man",
              "path": "/nix/store/xvccq7rqyiz63sg9r10zkw73mqqq5jb0-kubectl-1.31.2-man",
              "default": true
            },
            {
              "name": "convert",
              "path": "/nix/store/3i612hm0105rs73w554zgggc9hclclbh-kubectl-1.31.2-convert"
            }
          ],
          "store_path": "/nix/store/y8i5r3j2ch103ibp84sgqxwaqhyxd7cz-kubectl-1.31.2"
        },
        "x86_64-linux": {
          "outputs": [
            {
              "name": "out",
              "path": "/nix/store/7wjb8cxb0frfrnvsjkjq0cfr5rfsmhxb-kubectl-1.31.2",
              "default": true
            },
            {
              "name": "man",
              "path": "/nix/store/hwn6v52kd7z3slq9f24wxkv0cp1kcacy-kubectl-1.31.2-man",
              "default": true
            },
            {
              "name": "convert",
              "path": "/nix/store/hxv0ckf8rd875g42byyjc135q5gd6az4-kubectl-1.31.2-convert"
            }
          ],
          "store_path": "/nix/store/7wjb8cxb0frfrnvsjkjq0cfr5rfsmhxb-kubectl-1.31.2"
        }
      }
    },
    "kubernetes-helm@3.16.2": {
      "last_modified": "2024-10-26T14:05:56Z",
      "resolved": "github:NixOS/nixpkgs/4e0eec54db79d4d0909f45a88037210ff8eaffee#kubernetes-helm",
      "source": "devbox-search",
      "version": "3.16.2",
      "systems": {
        "aarch64-darwin": {
          "outputs": [
            {
              "name": "out",
              "path": "/nix/store/idlvhs4zs349wf77znrxxyshvcp4bd9l-kubernetes-helm-3.16.2",
              "default": true
            }
          ],
          "store_path": "/nix/store/idlvhs4zs349wf77znrxxyshvcp4bd9l-kubernetes-helm-3.16.2"
        },
        "aarch64-linux": {
          "outputs": [
            {
              "name": "out",
              "path": "/nix/store/6mn1p7dq1x7cp29jf7jrzk45l4zc39xa-kubernetes-helm-3.16.2",
              "default": true
            }
          ],
          "store_path": "/nix/store/6mn1p7dq1x7cp29jf7jrzk45l4zc39xa-kubernetes-helm-3.16.2"
        },
        "x86_64-darwin": {
          "outputs": [
            {
              "name": "out",
              "path": "/nix/store/ms18g5bs5xpzncxgkm89xa9s33g5zcpr-kubernetes-helm-3.16.2",
              "default": true
            }
          ],
          "store_path": "/nix/store/ms18g5bs5xpzncxgkm89xa9s33g5zcpr-kubernetes-helm-3.16.2"
        },
        "x86_64-linux": {
          "outputs": [
            {
              "name": "out",
              "path": "/nix/store/d54j0f8sr1mmkwhlvq8y7148vm4qlivd-kubernetes-helm-3.16.2",
              "default": true
            }
          ],
          "store_path": "/nix/store/d54j0f8sr1mmkwhlvq8y7148vm4qlivd-kubernetes-helm-3.16.2"
        }
      }
    },
    "kubie@0.24.0": {
      "last_modified": "2024-10-13T23:44:06Z",
      "resolved": "github:NixOS/nixpkgs/d4f247e89f6e10120f911e2e2d2254a050d0f732#kubie",
      "source": "devbox-search",
      "version": "0.24.0",
      "systems": {
        "aarch64-darwin": {
          "outputs": [
            {
              "name": "out",
              "path": "/nix/store/sk3z33s7r794ccanr29jmkjfxpd0n1zy-kubie-0.24.0",
              "default": true
            }
          ],
          "store_path": "/nix/store/sk3z33s7r794ccanr29jmkjfxpd0n1zy-kubie-0.24.0"
        },
        "aarch64-linux": {
          "outputs": [
            {
              "name": "out",
              "path": "/nix/store/810afsiad1kxb34kfwjh6656dxniz9sr-kubie-0.24.0",
              "default": true
            }
          ],
          "store_path": "/nix/store/810afsiad1kxb34kfwjh6656dxniz9sr-kubie-0.24.0"
        },
        "x86_64-darwin": {
          "outputs": [
            {
              "name": "out",
              "path": "/nix/store/4wlgvdpbnhzf0rw2mqrzb0zgxgsjliba-kubie-0.24.0",
              "default": true
            }
          ],
          "store_path": "/nix/store/4wlgvdpbnhzf0rw2mqrzb0zgxgsjliba-kubie-0.24.0"
        },
        "x86_64-linux": {
          "outputs": [
            {
              "name": "out",
              "path": "/nix/store/453b93lp5vh91y9qdakiyh7nkx9dlibr-kubie-0.24.0",
              "default": true
            }
          ],
          "store_path": "/nix/store/453b93lp5vh91y9qdakiyh7nkx9dlibr-kubie-0.24.0"
        }
      }
    },
    "lefthook@1.7.17": {
      "last_modified": "2024-10-13T23:44:06Z",
      "resolved": "github:NixOS/nixpkgs/d4f247e89f6e10120f911e2e2d2254a050d0f732#lefthook",
      "source": "devbox-search",
      "version": "1.7.17",
      "systems": {
        "aarch64-darwin": {
          "outputs": [
            {
              "name": "out",
              "path": "/nix/store/lph1331mw7508vqnmn9007im3a3mdmdp-lefthook-1.7.17",
              "default": true
            }
          ],
          "store_path": "/nix/store/lph1331mw7508vqnmn9007im3a3mdmdp-lefthook-1.7.17"
        },
        "aarch64-linux": {
          "outputs": [
            {
              "name": "out",
              "path": "/nix/store/252rw589j54d8s5pdm6wafc07grdndhz-lefthook-1.7.17",
              "default": true
            }
          ],
          "store_path": "/nix/store/252rw589j54d8s5pdm6wafc07grdndhz-lefthook-1.7.17"
        },
        "x86_64-darwin": {
          "outputs": [
            {
              "name": "out",
              "path": "/nix/store/mn3b9jxm4vfn6nm58a56a7720f45k9g1-lefthook-1.7.17",
              "default": true
            }
          ],
          "store_path": "/nix/store/mn3b9jxm4vfn6nm58a56a7720f45k9g1-lefthook-1.7.17"
        },
        "x86_64-linux": {
          "outputs": [
            {
              "name": "out",
              "path": "/nix/store/mnvd6xnjahwh93l3wpj4j6va3y1q4glh-lefthook-1.7.17",
              "default": true
            }
          ],
          "store_path": "/nix/store/mnvd6xnjahwh93l3wpj4j6va3y1q4glh-lefthook-1.7.17"
        }
      }
    },
    "neovim@0.10.2": {
      "last_modified": "2024-10-23T04:36:58Z",
      "resolved": "github:NixOS/nixpkgs/dfffb2e7a52d29a0ef8e21ec8a0f30487b227f1a#neovim",
      "source": "devbox-search",
      "version": "0.10.2",
      "systems": {
        "aarch64-darwin": {
          "outputs": [
            {
              "name": "out",
              "path": "/nix/store/0q5xcprv1w34mlwfymjamhzdlsfkh2r4-neovim-0.10.2",
              "default": true
            }
          ],
          "store_path": "/nix/store/0q5xcprv1w34mlwfymjamhzdlsfkh2r4-neovim-0.10.2"
        },
        "aarch64-linux": {
          "outputs": [
            {
              "name": "out",
              "path": "/nix/store/gbp6hda1gvmd4d779188f2siqxbllf4s-neovim-0.10.2",
              "default": true
            }
          ],
          "store_path": "/nix/store/gbp6hda1gvmd4d779188f2siqxbllf4s-neovim-0.10.2"
        },
        "x86_64-darwin": {
          "outputs": [
            {
              "name": "out",
              "path": "/nix/store/x537f88g1fbf25dmpr4f0x6x0kss4jzg-neovim-0.10.2",
              "default": true
            }
          ],
          "store_path": "/nix/store/x537f88g1fbf25dmpr4f0x6x0kss4jzg-neovim-0.10.2"
        },
        "x86_64-linux": {
          "outputs": [
            {
              "name": "out",
              "path": "/nix/store/qh941hn5i8bc90zxl1sklvv9m9c50pp0-neovim-0.10.2",
              "default": true
            }
          ],
          "store_path": "/nix/store/qh941hn5i8bc90zxl1sklvv9m9c50pp0-neovim-0.10.2"
        }
      }
    },
    "ripgrep@14.1.1": {
      "last_modified": "2024-10-13T23:44:06Z",
      "resolved": "github:NixOS/nixpkgs/d4f247e89f6e10120f911e2e2d2254a050d0f732#ripgrep",
      "source": "devbox-search",
      "version": "14.1.1",
      "systems": {
        "aarch64-darwin": {
          "outputs": [
            {
              "name": "out",
              "path": "/nix/store/8pij01r7bpyxs27ahj05ln5w1w80d3vd-ripgrep-14.1.1",
              "default": true
            }
          ],
          "store_path": "/nix/store/8pij01r7bpyxs27ahj05ln5w1w80d3vd-ripgrep-14.1.1"
        },
        "aarch64-linux": {
          "outputs": [
            {
              "name": "out",
              "path": "/nix/store/h6ic8j781chwq0bkjfdc7m3jm54mhpzl-ripgrep-14.1.1",
              "default": true
            }
          ],
          "store_path": "/nix/store/h6ic8j781chwq0bkjfdc7m3jm54mhpzl-ripgrep-14.1.1"
        },
        "x86_64-darwin": {
          "outputs": [
            {
              "name": "out",
              "path": "/nix/store/hg2sz7q36gixdkdfdxfv8ix8kik84pck-ripgrep-14.1.1",
              "default": true
            }
          ],
          "store_path": "/nix/store/hg2sz7q36gixdkdfdxfv8ix8kik84pck-ripgrep-14.1.1"
        },
        "x86_64-linux": {
          "outputs": [
            {
              "name": "out",
              "path": "/nix/store/jpylriswiywbbs2dw5x8v5db6jc25nj0-ripgrep-14.1.1",
              "default": true
            }
          ],
          "store_path": "/nix/store/jpylriswiywbbs2dw5x8v5db6jc25nj0-ripgrep-14.1.1"
        }
      }
    },
    "starship@1.20.1": {
      "last_modified": "2024-10-13T23:44:06Z",
      "resolved": "github:NixOS/nixpkgs/d4f247e89f6e10120f911e2e2d2254a050d0f732#starship",
      "source": "devbox-search",
      "version": "1.20.1",
      "systems": {
        "aarch64-darwin": {
          "outputs": [
            {
              "name": "out",
              "path": "/nix/store/bnfm08bw1mcmpzzfny7za0c9s4g941j5-starship-1.20.1",
              "default": true
            }
          ],
          "store_path": "/nix/store/bnfm08bw1mcmpzzfny7za0c9s4g941j5-starship-1.20.1"
        },
        "aarch64-linux": {
          "outputs": [
            {
              "name": "out",
              "path": "/nix/store/nxrbxh98zlyicg69wp8m9l6206dnf1g3-starship-1.20.1",
              "default": true
            }
          ],
          "store_path": "/nix/store/nxrbxh98zlyicg69wp8m9l6206dnf1g3-starship-1.20.1"
        },
        "x86_64-darwin": {
          "outputs": [
            {
              "name": "out",
              "path": "/nix/store/2fvbpnwck1vv3ck5n90qr0aqrzrpdcg2-starship-1.20.1",
              "default": true
            }
          ],
          "store_path": "/nix/store/2fvbpnwck1vv3ck5n90qr0aqrzrpdcg2-starship-1.20.1"
        },
        "x86_64-linux": {
          "outputs": [
            {
              "name": "out",
              "path": "/nix/store/pv0f1lw09lfyyvrk8q8hwd0bg08pqyz7-starship-1.20.1",
              "default": true
            }
          ],
          "store_path": "/nix/store/pv0f1lw09lfyyvrk8q8hwd0bg08pqyz7-starship-1.20.1"
        }
      }
    }
  }
}
