# This file is autogenerated, do not edit; changes may be undone by the next 'dep ensure'.


[[projects]]
  branch = "master"
  name = "github.com/VoltDB/voltdb-client-go"
  packages = [
    "voltdbclient",
    "wire"
  ]
  revision = "93f757176d6bb2eee4f7386854195c44ce1047aa"

[[projects]]
  name = "github.com/spaolacci/murmur3"
  packages = ["."]
  revision = "9f5d223c60793748f04a9d5b4b4eacddfc1f755d"
  version = "v1.1"

[solve-meta]
  analyzer-name = "dep"
  analyzer-version = 1
  inputs-digest = "8a4dd60472752b624ae8e76767bb0326ae52a6975a222ea18f9020d89db62e86"
  solver-name = "gps-cdcl"
  solver-version = 1
