# This file is autogenerated, do not edit; changes may be undone by the next 'dep ensure'.


[[projects]]
  branch = "master"
  name = "github.com/VoltDB/voltdb-client-go"
  packages = [
    "voltdbclient",
    "wire"
  ]
  revision = "93f757176d6bb2eee4f7386854195c44ce1047aa"

[[projects]]
  branch = "master"
  name = "github.com/lib/pq"
  packages = [
    ".",
    "oid"
  ]
  revision = "d34b9ff171c21ad295489235aec8b6626023cd04"

[[projects]]
  name = "github.com/spaolacci/murmur3"
  packages = ["."]
  revision = "9f5d223c60793748f04a9d5b4b4eacddfc1f755d"
  version = "v1.1"

[solve-meta]
  analyzer-name = "dep"
  analyzer-version = 1
  inputs-digest = "eb8dbfe68a3e2f1c15f07657e8ec147b1c59bda794974bf6e27ee0cd17c48a88"
  solver-name = "gps-cdcl"
  solver-version = 1
