# This file is autogenerated, do not edit; changes may be undone by the next 'dep ensure'.


[[projects]]
  branch = "master"
  name = "github.com/mediocregopher/radix.v3"
  packages = [
    ".",
    "resp"
  ]
  revision = "e506709c591a53f682fb9a08f6adb463c182dd50"

[solve-meta]
  analyzer-name = "dep"
  analyzer-version = 1
  inputs-digest = "cb89b033f7fc448027407965475586d4b3975e6d18913e31d28dee2c7211c045"
  solver-name = "gps-cdcl"
  solver-version = 1
